// !$*UTF8*$!
{
	archiveVersion = 1;
	classes = {
	};
	objectVersion = 46;
	objects = {

/* Begin PBXBuildFile section */
		6EBFC0761E86365800C52E42 /* AppDelegate.swift in Sources */ = {isa = PBXBuildFile; fileRef = 6EBFC0751E86365800C52E42 /* AppDelegate.swift */; };
		6EBFC0781E86365800C52E42 /* ViewController.swift in Sources */ = {isa = PBXBuildFile; fileRef = 6EBFC0771E86365800C52E42 /* ViewController.swift */; };
		6EBFC07B1E86365800C52E42 /* Main.storyboard in Resources */ = {isa = PBXBuildFile; fileRef = 6EBFC0791E86365800C52E42 /* Main.storyboard */; };
		6EBFC07D1E86365800C52E42 /* Assets.xcassets in Resources */ = {isa = PBXBuildFile; fileRef = 6EBFC07C1E86365800C52E42 /* Assets.xcassets */; };
		6EBFC0801E86365800C52E42 /* LaunchScreen.storyboard in Resources */ = {isa = PBXBuildFile; fileRef = 6EBFC07E1E86365800C52E42 /* LaunchScreen.storyboard */; };
		6EBFC0881E865B1D00C52E42 /* VC2.swift in Sources */ = {isa = PBXBuildFile; fileRef = 6EBFC0871E865B1D00C52E42 /* VC2.swift */; };
		6EBFC08A1E865F2600C52E42 /* VC3.swift in Sources */ = {isa = PBXBuildFile; fileRef = 6EBFC0891E865F2600C52E42 /* VC3.swift */; };
/* End PBXBuildFile section */

/* Begin PBXFileReference section */
		6EBFC0721E86365800C52E42 /* semina1.app */ = {isa = PBXFileReference; explicitFileType = wrapper.application; includeInIndex = 0; path = semina1.app; sourceTree = BUILT_PRODUCTS_DIR; };
		6EBFC0751E86365800C52E42 /* AppDelegate.swift */ = {isa = PBXFileReference; lastKnownFileType = sourcecode.swift; path = AppDelegate.swift; sourceTree = "<group>"; };
		6EBFC0771E86365800C52E42 /* ViewController.swift */ = {isa = PBXFileReference; lastKnownFileType = sourcecode.swift; path = ViewController.swift; sourceTree = "<group>"; };
		6EBFC07A1E86365800C52E42 /* Base */ = {isa = PBXFileReference; lastKnownFileType = file.storyboard; name = Base; path = Base.lproj/Main.storyboard; sourceTree = "<group>"; };
		6EBFC07C1E86365800C52E42 /* Assets.xcassets */ = {isa = PBXFileReference; lastKnownFileType = folder.assetcatalog; path = Assets.xcassets; sourceTree = "<group>"; };
		6EBFC07F1E86365800C52E42 /* Base */ = {isa = PBXFileReference; lastKnownFileType = file.storyboard; name = Base; path = Base.lproj/LaunchScreen.storyboard; sourceTree = "<group>"; };
		6EBFC0811E86365800C52E42 /* Info.plist */ = {isa = PBXFileReference; lastKnownFileType = text.plist.xml; path = Info.plist; sourceTree = "<group>"; };
		6EBFC0871E865B1D00C52E42 /* VC2.swift */ = {isa = PBXFileReference; fileEncoding = 4; lastKnownFileType = sourcecode.swift; path = VC2.swift; sourceTree = "<group>"; };
		6EBFC0891E865F2600C52E42 /* VC3.swift */ = {isa = PBXFileReference; fileEncoding = 4; lastKnownFileType = sourcecode.swift; path = VC3.swift; sourceTree = "<group>"; };
/* End PBXFileReference section */

/* Begin PBXFrameworksBuildPhase section */
		6EBFC06F1E86365800C52E42 /* Frameworks */ = {
			isa = PBXFrameworksBuildPhase;
			buildActionMask = 2147483647;
			files = (
			);
			runOnlyForDeploymentPostprocessing = 0;
		};
/* End PBXFrameworksBuildPhase section */

/* Begin PBXGroup section */
		6EBFC0691E86365800C52E42 = {
			isa = PBXGroup;
			children = (
				6EBFC0741E86365800C52E42 /* semina1 */,
				6EBFC0731E86365800C52E42 /* Products */,
			);
			sourceTree = "<group>";
		};
		6EBFC0731E86365800C52E42 /* Products */ = {
			isa = PBXGroup;
			children = (
				6EBFC0721E86365800C52E42 /* semina1.app */,
			);
			name = Products;
			sourceTree = "<group>";
		};
		6EBFC0741E86365800C52E42 /* semina1 */ = {
			isa = PBXGroup;
			children = (
				6EBFC0751E86365800C52E42 /* AppDelegate.swift */,
				6EBFC0771E86365800C52E42 /* ViewController.swift */,
				6EBFC0791E86365800C52E42 /* Main.storyboard */,
				6EBFC0891E865F2600C52E42 /* VC3.swift */,
				6EBFC0871E865B1D00C52E42 /* VC2.swift */,
				6EBFC07C1E86365800C52E42 /* Assets.xcassets */,
				6EBFC07E1E86365800C52E42 /* LaunchScreen.storyboard */,
				6EBFC0811E86365800C52E42 /* Info.plist */,
			);
			path = semina1;
			sourceTree = "<group>";
		};
/* End PBXGroup section */

/* Begin PBXNativeTarget section */
		6EBFC0711E86365800C52E42 /* semina1 */ = {
			isa = PBXNativeTarget;
			buildConfigurationList = 6EBFC0841E86365800C52E42 /* Build configuration list for PBXNativeTarget "semina1" */;
			buildPhases = (
				6EBFC06E1E86365800C52E42 /* Sources */,
				6EBFC06F1E86365800C52E42 /* Frameworks */,
				6EBFC0701E86365800C52E42 /* Resources */,
			);
			buildRules = (
			);
			dependencies = (
			);
			name = semina1;
			productName = semina1;
			productReference = 6EBFC0721E86365800C52E42 /* semina1.app */;
			productType = "com.apple.product-type.application";
		};
/* End PBXNativeTarget section */

/* Begin PBXProject section */
		6EBFC06A1E86365800C52E42 /* Project object */ = {
			isa = PBXProject;
			attributes = {
				LastSwiftUpdateCheck = 0820;
				LastUpgradeCheck = 0820;
				ORGANIZATIONNAME = "오소영";
				TargetAttributes = {
					6EBFC0711E86365800C52E42 = {
						CreatedOnToolsVersion = 8.2.1;
						DevelopmentTeam = BMY3FLWFJX;
						ProvisioningStyle = Automatic;
					};
				};
			};
			buildConfigurationList = 6EBFC06D1E86365800C52E42 /* Build configuration list for PBXProject "semina1" */;
			compatibilityVersion = "Xcode 3.2";
			developmentRegion = English;
			hasScannedForEncodings = 0;
			knownRegions = (
				en,
				Base,
			);
			mainGroup = 6EBFC0691E86365800C52E42;
			productRefGroup = 6EBFC0731E86365800C52E42 /* Products */;
			projectDirPath = "";
			projectRoot = "";
			targets = (
				6EBFC0711E86365800C52E42 /* semina1 */,
			);
		};
/* End PBXProject section */

/* Begin PBXResourcesBuildPhase section */
		6EBFC0701E86365800C52E42 /* Resources */ = {
			isa = PBXResourcesBuildPhase;
			buildActionMask = 2147483647;
			files = (
				6EBFC0801E86365800C52E42 /* LaunchScreen.storyboard in Resources */,
				6EBFC07D1E86365800C52E42 /* Assets.xcassets in Resources */,
				6EBFC07B1E86365800C52E42 /* Main.storyboard in Resources */,
			);
			runOnlyForDeploymentPostprocessing = 0;
		};
/* End PBXResourcesBuildPhase section */

/* Begin PBXSourcesBuildPhase section */
		6EBFC06E1E86365800C52E42 /* Sources */ = {
			isa = PBXSourcesBuildPhase;
			buildActionMask = 2147483647;
			files = (
				6EBFC08A1E865F2600C52E42 /* VC3.swift in Sources */,
				6EBFC0881E865B1D00C52E42 /* VC2.swift in Sources */,
				6EBFC0781E86365800C52E42 /* ViewController.swift in Sources */,
				6EBFC0761E86365800C52E42 /* AppDelegate.swift in Sources */,
			);
			runOnlyForDeploymentPostprocessing = 0;
		};
/* End PBXSourcesBuildPhase section */

/* Begin PBXVariantGroup section */
		6EBFC0791E86365800C52E42 /* Main.storyboard */ = {
			isa = PBXVariantGroup;
			children = (
				6EBFC07A1E86365800C52E42 /* Base */,
			);
			name = Main.storyboard;
			sourceTree = "<group>";
		};
		6EBFC07E1E86365800C52E42 /* LaunchScreen.storyboard */ = {
			isa = PBXVariantGroup;
			children = (
				6EBFC07F1E86365800C52E42 /* Base */,
			);
			name = LaunchScreen.storyboard;
			sourceTree = "<group>";
		};
/* End PBXVariantGroup section */

/* Begin XCBuildConfiguration section */
		6EBFC0821E86365800C52E42 /* Debug */ = {
			isa = XCBuildConfiguration;
			buildSettings = {
				ALWAYS_SEARCH_USER_PATHS = NO;
				CLANG_ANALYZER_NONNULL = YES;
				CLANG_CXX_LANGUAGE_STANDARD = "gnu++0x";
				CLANG_CXX_LIBRARY = "libc++";
				CLANG_ENABLE_MODULES = YES;
				CLANG_ENABLE_OBJC_ARC = YES;
				CLANG_WARN_BOOL_CONVERSION = YES;
				CLANG_WARN_CONSTANT_CONVERSION = YES;
				CLANG_WARN_DIRECT_OBJC_ISA_USAGE = YES_ERROR;
				CLANG_WARN_DOCUMENTATION_COMMENTS = YES;
				CLANG_WARN_EMPTY_BODY = YES;
				CLANG_WARN_ENUM_CONVERSION = YES;
				CLANG_WARN_INFINITE_RECURSION = YES;
				CLANG_WARN_INT_CONVERSION = YES;
				CLANG_WARN_OBJC_ROOT_CLASS = YES_ERROR;
				CLANG_WARN_SUSPICIOUS_MOVE = YES;
				CLANG_WARN_UNREACHABLE_CODE = YES;
				CLANG_WARN__DUPLICATE_METHOD_MATCH = YES;
				"CODE_SIGN_IDENTITY[sdk=iphoneos*]" = "iPhone Developer";
				COPY_PHASE_STRIP = NO;
				DEBUG_INFORMATION_FORMAT = dwarf;
				ENABLE_STRICT_OBJC_MSGSEND = YES;
				ENABLE_TESTABILITY = YES;
				GCC_C_LANGUAGE_STANDARD = gnu99;
				GCC_DYNAMIC_NO_PIC = NO;
				GCC_NO_COMMON_BLOCKS = YES;
				GCC_OPTIMIZATION_LEVEL = 0;
				GCC_PREPROCESSOR_DEFINITIONS = (
					"DEBUG=1",
					"$(inherited)",
				);
				GCC_WARN_64_TO_32_BIT_CONVERSION = YES;
				GCC_WARN_ABOUT_RETURN_TYPE = YES_ERROR;
				GCC_WARN_UNDECLARED_SELECTOR = YES;
				GCC_WARN_UNINITIALIZED_AUTOS = YES_AGGRESSIVE;
				GCC_WARN_UNUSED_FUNCTION = YES;
				GCC_WARN_UNUSED_VARIABLE = YES;
				IPHONEOS_DEPLOYMENT_TARGET = 10.2;
				MTL_ENABLE_DEBUG_INFO = YES;
				ONLY_ACTIVE_ARCH = YES;
				SDKROOT = iphoneos;
				SWIFT_ACTIVE_COMPILATION_CONDITIONS = DEBUG;
				SWIFT_OPTIMIZATION_LEVEL = "-Onone";
			};
			name = Debug;
		};
		6EBFC0831E86365800C52E42 /* Release */ = {
			isa = XCBuildConfiguration;
			buildSettings = {
				ALWAYS_SEARCH_USER_PATHS = NO;
				CLANG_ANALYZER_NONNULL = YES;
				CLANG_CXX_LANGUAGE_STANDARD = "gnu++0x";
				CLANG_CXX_LIBRARY = "libc++";
				CLANG_ENABLE_MODULES = YES;
				CLANG_ENABLE_OBJC_ARC = YES;
				CLANG_WARN_BOOL_CONVERSION = YES;
				CLANG_WARN_CONSTANT_CONVERSION = YES;
				CLANG_WARN_DIRECT_OBJC_ISA_USAGE = YES_ERROR;
				CLANG_WARN_DOCUMENTATION_COMMENTS = YES;
				CLANG_WARN_EMPTY_BODY = YES;
				CLANG_WARN_ENUM_CONVERSION = YES;
				CLANG_WARN_INFINITE_RECURSION = YES;
				CLANG_WARN_INT_CONVERSION = YES;
				CLANG_WARN_OBJC_ROOT_CLASS = YES_ERROR;
				CLANG_WARN_SUSPICIOUS_MOVE = YES;
				CLANG_WARN_UNREACHABLE_CODE = YES;
				CLANG_WARN__DUPLICATE_METHOD_MATCH = YES;
				"CODE_SIGN_IDENTITY[sdk=iphoneos*]" = "iPhone Developer";
				COPY_PHASE_STRIP = NO;
				DEBUG_INFORMATION_FORMAT = "dwarf-with-dsym";
				ENABLE_NS_ASSERTIONS = NO;
				ENABLE_STRICT_OBJC_MSGSEND = YES;
				GCC_C_LANGUAGE_STANDARD = gnu99;
				GCC_NO_COMMON_BLOCKS = YES;
				GCC_WARN_64_TO_32_BIT_CONVERSION = YES;
				GCC_WARN_ABOUT_RETURN_TYPE = YES_ERROR;
				GCC_WARN_UNDECLARED_SELECTOR = YES;
				GCC_WARN_UNINITIALIZED_AUTOS = YES_AGGRESSIVE;
				GCC_WARN_UNUSED_FUNCTION = YES;
				GCC_WARN_UNUSED_VARIABLE = YES;
				IPHONEOS_DEPLOYMENT_TARGET = 10.2;
				MTL_ENABLE_DEBUG_INFO = NO;
				SDKROOT = iphoneos;
				SWIFT_OPTIMIZATION_LEVEL = "-Owholemodule";
				VALIDATE_PRODUCT = YES;
			};
			name = Release;
		};
		6EBFC0851E86365800C52E42 /* Debug */ = {
			isa = XCBuildConfiguration;
			buildSettings = {
				ASSETCATALOG_COMPILER_APPICON_NAME = AppIcon;
				DEVELOPMENT_TEAM = BMY3FLWFJX;
				INFOPLIST_FILE = semina1/Info.plist;
				LD_RUNPATH_SEARCH_PATHS = "$(inherited) @executable_path/Frameworks";
				PRODUCT_BUNDLE_IDENTIFIER = com.soyoung.semina1;
				PRODUCT_NAME = "$(TARGET_NAME)";
				SWIFT_VERSION = 3.0;
			};
			name = Debug;
		};
		6EBFC0861E86365800C52E42 /* Release */ = {
			isa = XCBuildConfiguration;
			buildSettings = {
				ASSETCATALOG_COMPILER_APPICON_NAME = AppIcon;
				DEVELOPMENT_TEAM = BMY3FLWFJX;
				INFOPLIST_FILE = semina1/Info.plist;
				LD_RUNPATH_SEARCH_PATHS = "$(inherited) @executable_path/Frameworks";
				PRODUCT_BUNDLE_IDENTIFIER = com.soyoung.semina1;
				PRODUCT_NAME = "$(TARGET_NAME)";
				SWIFT_VERSION = 3.0;
			};
			name = Release;
		};
/* End XCBuildConfiguration section */

/* Begin XCConfigurationList section */
		6EBFC06D1E86365800C52E42 /* Build configuration list for PBXProject "semina1" */ = {
			isa = XCConfigurationList;
			buildConfigurations = (
				6EBFC0821E86365800C52E42 /* Debug */,
				6EBFC0831E86365800C52E42 /* Release */,
			);
			defaultConfigurationIsVisible = 0;
			defaultConfigurationName = Release;
		};
		6EBFC0841E86365800C52E42 /* Build configuration list for PBXNativeTarget "semina1" */ = {
			isa = XCConfigurationList;
			buildConfigurations = (
				6EBFC0851E86365800C52E42 /* Debug */,
				6EBFC0861E86365800C52E42 /* Release */,
			);
			defaultConfigurationIsVisible = 0;
		};
/* End XCConfigurationList section */
	};
	rootObject = 6EBFC06A1E86365800C52E42 /* Project object */;
}
